
Microsoft Visual Studio Solution File, Format Version 12.00
Project("{FAE04EC0-301F-11D3-BF4B-00C04F79EFBC}") = "FiveamTechCv.Server", "FiveamTechCv.Server\FiveamTechCv.Server.csproj", "{90E397B0-0E15-45B8-AC22-3A1475FDE6BB}"
EndProject
Project("{FAE04EC0-301F-11D3-BF4B-00C04F79EFBC}") = "FiveamTechCv.Entities", "FiveamTechCv.Entities\FiveamTechCv.Entities.csproj", "{18873944-898A-45D2-8EDA-5B68B4E9DC73}"
EndProject
Project("{FAE04EC0-301F-11D3-BF4B-00C04F79EFBC}") = "FiveamTechCv.Abstract", "FiveamTechCv.Abstract\FiveamTechCv.Abstract.csproj", "{FB6ADDC5-CC0D-4D59-A77D-0725EA08CD9F}"
EndProject
Project("{FAE04EC0-301F-11D3-BF4B-00C04F79EFBC}") = "FiveamTechCv.Core", "FiveamTechCv.Core\FiveamTechCv.Core.csproj", "{A2D91B31-AC5F-48B3-BF1D-4C1D017D168B}"
EndProject
Project("{FAE04EC0-301F-11D3-BF4B-00C04F79EFBC}") = "FiveamTechCv.Graph", "FiveamTechCv.Graph\FiveamTechCv.Graph.csproj", "{1151AF15-CE24-44CD-A652-8E85979FB6DC}"
EndProject
Project("{54A90642-561A-4BB1-A94E-469ADEE60C69}") = "FiveamTechCv.Web", "FiveamTechCv.Web\FiveamTechCv.Web.esproj", "{E847D6E1-2003-4ABF-81DB-2B407427D433}"
EndProject
Project("{FAE04EC0-301F-11D3-BF4B-00C04F79EFBC}") = "FiveamTechCv.Api", "FiveamTechCv.Api\FiveamTechCv.Api.csproj", "{4A18EE9A-6525-4227-8691-22203A57C9A1}"
EndProject
Global
	GlobalSection(SolutionConfigurationPlatforms) = preSolution
		Debug|Any CPU = Debug|Any CPU
		Release|Any CPU = Release|Any CPU
	EndGlobalSection
	GlobalSection(ProjectConfigurationPlatforms) = postSolution
		{90E397B0-0E15-45B8-AC22-3A1475FDE6BB}.Debug|Any CPU.ActiveCfg = Debug|Any CPU
		{90E397B0-0E15-45B8-AC22-3A1475FDE6BB}.Debug|Any CPU.Build.0 = Debug|Any CPU
		{90E397B0-0E15-45B8-AC22-3A1475FDE6BB}.Release|Any CPU.ActiveCfg = Release|Any CPU
		{90E397B0-0E15-45B8-AC22-3A1475FDE6BB}.Release|Any CPU.Build.0 = Release|Any CPU
		{18873944-898A-45D2-8EDA-5B68B4E9DC73}.Debug|Any CPU.ActiveCfg = Debug|Any CPU
		{18873944-898A-45D2-8EDA-5B68B4E9DC73}.Debug|Any CPU.Build.0 = Debug|Any CPU
		{18873944-898A-45D2-8EDA-5B68B4E9DC73}.Release|Any CPU.ActiveCfg = Release|Any CPU
		{18873944-898A-45D2-8EDA-5B68B4E9DC73}.Release|Any CPU.Build.0 = Release|Any CPU
		{FB6ADDC5-CC0D-4D59-A77D-0725EA08CD9F}.Debug|Any CPU.ActiveCfg = Debug|Any CPU
		{FB6ADDC5-CC0D-4D59-A77D-0725EA08CD9F}.Debug|Any CPU.Build.0 = Debug|Any CPU
		{FB6ADDC5-CC0D-4D59-A77D-0725EA08CD9F}.Release|Any CPU.ActiveCfg = Release|Any CPU
		{FB6ADDC5-CC0D-4D59-A77D-0725EA08CD9F}.Release|Any CPU.Build.0 = Release|Any CPU
		{A2D91B31-AC5F-48B3-BF1D-4C1D017D168B}.Debug|Any CPU.ActiveCfg = Debug|Any CPU
		{A2D91B31-AC5F-48B3-BF1D-4C1D017D168B}.Debug|Any CPU.Build.0 = Debug|Any CPU
		{A2D91B31-AC5F-48B3-BF1D-4C1D017D168B}.Release|Any CPU.ActiveCfg = Release|Any CPU
		{A2D91B31-AC5F-48B3-BF1D-4C1D017D168B}.Release|Any CPU.Build.0 = Release|Any CPU
		{1151AF15-CE24-44CD-A652-8E85979FB6DC}.Debug|Any CPU.ActiveCfg = Debug|Any CPU
		{1151AF15-CE24-44CD-A652-8E85979FB6DC}.Debug|Any CPU.Build.0 = Debug|Any CPU
		{1151AF15-CE24-44CD-A652-8E85979FB6DC}.Release|Any CPU.ActiveCfg = Release|Any CPU
		{1151AF15-CE24-44CD-A652-8E85979FB6DC}.Release|Any CPU.Build.0 = Release|Any CPU
		{E847D6E1-2003-4ABF-81DB-2B407427D433}.Debug|Any CPU.ActiveCfg = Debug|Any CPU
		{E847D6E1-2003-4ABF-81DB-2B407427D433}.Debug|Any CPU.Build.0 = Debug|Any CPU
		{E847D6E1-2003-4ABF-81DB-2B407427D433}.Release|Any CPU.ActiveCfg = Debug|Any CPU
		{E847D6E1-2003-4ABF-81DB-2B407427D433}.Release|Any CPU.Build.0 = Debug|Any CPU
		{4A18EE9A-6525-4227-8691-22203A57C9A1}.Debug|Any CPU.ActiveCfg = Debug|Any CPU
		{4A18EE9A-6525-4227-8691-22203A57C9A1}.Debug|Any CPU.Build.0 = Debug|Any CPU
		{4A18EE9A-6525-4227-8691-22203A57C9A1}.Release|Any CPU.ActiveCfg = Release|Any CPU
		{4A18EE9A-6525-4227-8691-22203A57C9A1}.Release|Any CPU.Build.0 = Release|Any CPU
	EndGlobalSection
EndGlobal
